version: 6
environments:
  default:
    channels:
    - url: https://conda.anaconda.org/conda-forge/
    indexes:
    - https://pypi.org/simple
    packages:
      osx-arm64:
      - conda: https://conda.anaconda.org/conda-forge/noarch/alabaster-0.7.12-py_0.tar.bz2
      - conda: https://conda.anaconda.org/conda-forge/noarch/babel-2.16.0-pyhd8ed1ab_0.conda
      - conda: https://conda.anaconda.org/conda-forge/osx-arm64/brotli-python-1.1.0-py38he333c0f_1.conda
      - conda: https://conda.anaconda.org/conda-forge/osx-arm64/bzip2-1.0.8-hd037594_8.conda
      - conda: https://conda.anaconda.org/conda-forge/noarch/ca-certificates-2025.10.5-hbd8a1cb_0.conda
      - conda: https://conda.anaconda.org/conda-forge/noarch/certifi-2024.8.30-pyhd8ed1ab_0.conda
      - conda: https://conda.anaconda.org/conda-forge/osx-arm64/cffi-1.17.0-py38h858044d_0.conda
      - conda: https://conda.anaconda.org/conda-forge/noarch/charset-normalizer-3.4.0-pyhd8ed1ab_0.conda
      - conda: https://conda.anaconda.org/conda-forge/noarch/click-8.1.7-unix_pyh707e725_0.conda
      - conda: https://conda.anaconda.org/conda-forge/noarch/colorama-0.4.6-pyhd8ed1ab_0.tar.bz2
      - conda: https://conda.anaconda.org/conda-forge/osx-arm64/docutils-0.20.1-py38h10201cd_3.conda
      - conda: https://conda.anaconda.org/conda-forge/osx-arm64/freetype-2.12.1-hadb7bae_2.conda
      - conda: https://conda.anaconda.org/conda-forge/noarch/ghp-import-2.1.0-pyhd8ed1ab_1.conda
      - conda: https://conda.anaconda.org/conda-forge/noarch/h2-4.1.0-pyhd8ed1ab_0.tar.bz2
      - conda: https://conda.anaconda.org/conda-forge/noarch/hpack-4.0.0-pyh9f0ad1d_0.tar.bz2
      - conda: https://conda.anaconda.org/conda-forge/noarch/hyperframe-6.0.1-pyhd8ed1ab_0.tar.bz2
      - conda: https://conda.anaconda.org/conda-forge/noarch/idna-3.10-pyhd8ed1ab_0.conda
      - conda: https://conda.anaconda.org/conda-forge/noarch/imagesize-1.4.1-pyhd8ed1ab_0.tar.bz2
      - conda: https://conda.anaconda.org/conda-forge/noarch/importlib-metadata-8.5.0-pyha770c72_0.conda
      - conda: https://conda.anaconda.org/conda-forge/noarch/jinja2-3.1.4-pyhd8ed1ab_0.conda
      - conda: https://conda.anaconda.org/conda-forge/osx-arm64/jpeg-9e-h1a8c8d9_3.conda
      - conda: https://conda.anaconda.org/conda-forge/osx-arm64/lcms2-2.12-had6a04f_0.tar.bz2
      - conda: https://conda.anaconda.org/conda-forge/osx-arm64/lerc-3.0-hbdafb3b_0.tar.bz2
      - conda: https://conda.anaconda.org/conda-forge/osx-arm64/libblas-3.9.0-37_h51639a9_openblas.conda
      - conda: https://conda.anaconda.org/conda-forge/osx-arm64/libcblas-3.9.0-37_hb0561ab_openblas.conda
      - conda: https://conda.anaconda.org/conda-forge/osx-arm64/libcxx-21.1.3-hf598326_0.conda
      - conda: https://conda.anaconda.org/conda-forge/osx-arm64/libdeflate-1.10-h3422bc3_0.tar.bz2
      - conda: https://conda.anaconda.org/conda-forge/osx-arm64/libffi-3.4.6-h1da3d7d_1.conda
      - conda: https://conda.anaconda.org/conda-forge/osx-arm64/libgfortran-15.2.0-hfcf01ff_1.conda
      - conda: https://conda.anaconda.org/conda-forge/osx-arm64/libgfortran5-15.2.0-h742603c_1.conda
      - conda: https://conda.anaconda.org/conda-forge/osx-arm64/liblapack-3.9.0-37_hd9741b5_openblas.conda
      - conda: https://conda.anaconda.org/conda-forge/osx-arm64/liblzma-5.8.1-h39f12f2_2.conda
      - conda: https://conda.anaconda.org/conda-forge/osx-arm64/liblzma-devel-5.8.1-h39f12f2_2.conda
      - conda: https://conda.anaconda.org/conda-forge/osx-arm64/libopenblas-0.3.30-openmp_h60d53f8_2.conda
      - conda: https://conda.anaconda.org/conda-forge/osx-arm64/libpng-1.6.43-h091b4b1_0.conda
      - conda: https://conda.anaconda.org/conda-forge/osx-arm64/libsqlite-3.46.0-hfb93653_0.conda
      - conda: https://conda.anaconda.org/conda-forge/osx-arm64/libtiff-4.3.0-h2810ee2_4.tar.bz2
      - conda: https://conda.anaconda.org/conda-forge/osx-arm64/libwebp-base-1.6.0-h07db88b_0.conda
      - conda: https://conda.anaconda.org/conda-forge/osx-arm64/libzlib-1.2.13-hfb2fe0b_6.conda
      - conda: https://conda.anaconda.org/conda-forge/osx-arm64/llvm-openmp-21.1.3-h4a912ad_0.conda
      - conda: https://conda.anaconda.org/conda-forge/noarch/markdown-3.6-pyhd8ed1ab_0.conda
      - conda: https://conda.anaconda.org/conda-forge/osx-arm64/markupsafe-2.1.5-py38h336bac9_0.conda
      - conda: https://conda.anaconda.org/conda-forge/noarch/mergedeep-1.3.4-pyhd8ed1ab_0.tar.bz2
      - conda: https://conda.anaconda.org/conda-forge/noarch/mkdocs-1.3.0-pyhd8ed1ab_0.tar.bz2
      - conda: https://conda.anaconda.org/conda-forge/noarch/mkdocs-table-reader-plugin-2.0-pyhd8ed1ab_0.conda
      - conda: https://conda.anaconda.org/conda-forge/osx-arm64/ncurses-6.5-h5e97a16_3.conda
      - conda: https://conda.anaconda.org/conda-forge/osx-arm64/numpy-1.24.4-py38ha84db1f_0.conda
      - conda: https://conda.anaconda.org/conda-forge/noarch/olefile-0.47-pyhd8ed1ab_0.conda
      - conda: https://conda.anaconda.org/conda-forge/osx-arm64/openssl-3.5.4-h5503f6c_0.conda
      - conda: https://conda.anaconda.org/conda-forge/noarch/packaging-25.0-pyh29332c3_1.conda
      - conda: https://conda.anaconda.org/conda-forge/osx-arm64/pandas-2.0.3-py38hefb543e_1.conda
      - conda: https://conda.anaconda.org/conda-forge/osx-arm64/pillow-8.0.1-py38h6b236ce_0.tar.bz2
      - conda: https://conda.anaconda.org/conda-forge/noarch/pycparser-2.22-pyhd8ed1ab_0.conda
      - conda: https://conda.anaconda.org/conda-forge/noarch/pygments-2.14.0-pyhd8ed1ab_0.conda
      - conda: https://conda.anaconda.org/conda-forge/noarch/pysocks-1.7.1-pyha2e5f31_6.tar.bz2
      - conda: https://conda.anaconda.org/conda-forge/osx-arm64/python-3.8.19-h2469fbe_0_cpython.conda
      - conda: https://conda.anaconda.org/conda-forge/noarch/python-dateutil-2.9.0-pyhd8ed1ab_0.conda
      - conda: https://conda.anaconda.org/conda-forge/noarch/python-tzdata-2024.2-pyhd8ed1ab_0.conda
      - conda: https://conda.anaconda.org/conda-forge/noarch/python_abi-3.8-8_cp38.conda
      - conda: https://conda.anaconda.org/conda-forge/noarch/pytz-2024.2-pyhd8ed1ab_0.conda
      - conda: https://conda.anaconda.org/conda-forge/osx-arm64/pyyaml-6.0.2-py38h3237794_0.conda
      - conda: https://conda.anaconda.org/conda-forge/noarch/pyyaml-env-tag-0.1-pyhd8ed1ab_0.tar.bz2
      - conda: https://conda.anaconda.org/conda-forge/osx-arm64/readline-8.2-h1d1bf99_2.conda
      - conda: https://conda.anaconda.org/conda-forge/noarch/requests-2.32.3-pyhd8ed1ab_0.conda
      - conda: https://conda.anaconda.org/conda-forge/noarch/setuptools-75.3.0-pyhd8ed1ab_0.conda
      - conda: https://conda.anaconda.org/conda-forge/noarch/six-1.16.0-pyh6c4a22f_0.tar.bz2
      - conda: https://conda.anaconda.org/conda-forge/noarch/snowballstemmer-2.2.0-pyhd8ed1ab_0.tar.bz2
      - conda: https://conda.anaconda.org/conda-forge/noarch/sphinx-7.1.2-pyhd8ed1ab_0.conda
      - conda: https://conda.anaconda.org/conda-forge/noarch/sphinx_rtd_theme-3.0.2-pyha770c72_0.conda
      - conda: https://conda.anaconda.org/conda-forge/noarch/sphinxcontrib-applehelp-1.0.4-pyhd8ed1ab_0.conda
      - conda: https://conda.anaconda.org/conda-forge/noarch/sphinxcontrib-devhelp-1.0.2-py_0.tar.bz2
      - conda: https://conda.anaconda.org/conda-forge/noarch/sphinxcontrib-htmlhelp-2.0.1-pyhd8ed1ab_0.conda
      - conda: https://conda.anaconda.org/conda-forge/noarch/sphinxcontrib-jquery-4.1-pyhd8ed1ab_0.conda
      - conda: https://conda.anaconda.org/conda-forge/noarch/sphinxcontrib-jsmath-1.0.1-pyhd8ed1ab_0.conda
      - conda: https://conda.anaconda.org/conda-forge/noarch/sphinxcontrib-qthelp-1.0.3-py_0.tar.bz2
      - conda: https://conda.anaconda.org/conda-forge/noarch/sphinxcontrib-serializinghtml-1.1.5-pyhd8ed1ab_2.tar.bz2
      - conda: https://conda.anaconda.org/conda-forge/noarch/tabulate-0.9.0-pyhd8ed1ab_1.tar.bz2
      - conda: https://conda.anaconda.org/conda-forge/osx-arm64/tk-8.6.13-h5083fa2_1.conda
      - conda: https://conda.anaconda.org/conda-forge/noarch/urllib3-2.2.3-pyhd8ed1ab_0.conda
      - conda: https://conda.anaconda.org/conda-forge/osx-arm64/watchdog-4.0.1-py38h3237794_0.conda
      - conda: https://conda.anaconda.org/conda-forge/osx-arm64/xz-5.8.1-h9a6d368_2.conda
      - conda: https://conda.anaconda.org/conda-forge/osx-arm64/xz-gpl-tools-5.8.1-h9a6d368_2.conda
      - conda: https://conda.anaconda.org/conda-forge/osx-arm64/xz-tools-5.8.1-h39f12f2_2.conda
      - conda: https://conda.anaconda.org/conda-forge/osx-arm64/yaml-0.2.5-h925e9cb_3.conda
      - conda: https://conda.anaconda.org/conda-forge/noarch/zipp-3.21.0-pyhd8ed1ab_0.conda
      - conda: https://conda.anaconda.org/conda-forge/osx-arm64/zlib-1.2.13-hfb2fe0b_6.conda
      - conda: https://conda.anaconda.org/conda-forge/osx-arm64/zstandard-0.23.0-py38h43bb1b3_0.conda
      - conda: https://conda.anaconda.org/conda-forge/osx-arm64/zstd-1.5.6-hb46c0d2_0.conda
      - pypi: https://files.pythonhosted.org/packages/ad/bc/bb46f47c4c3b2889fe50e041bdbb2acd9a850022136c6beaf6b24d7c2d4b/mkdocs_include_markdown_plugin-3.2.3-py3-none-any.whl
      - pypi: https://files.pythonhosted.org/packages/b7/70/0926b40d01fd2d708798994135f50ce02459499c36a25423b55901f7a7c5/pymdown_extensions-9.9.2-py3-none-any.whl
packages:
- conda: https://conda.anaconda.org/conda-forge/noarch/alabaster-0.7.12-py_0.tar.bz2
  sha256: 662690cace8f8a3e1358d01ddb8c019bf70ddfccd250220a6a488efc93ea5baf
  md5: 2489a97287f90176ecdc3ca982b4b0a0
  depends:
  - python
  license: BSD 3-Clause
  purls:
  - pkg:pypi/alabaster?source=hash-mapping
  size: 14878
  timestamp: 1538580531978
- conda: https://conda.anaconda.org/conda-forge/noarch/babel-2.16.0-pyhd8ed1ab_0.conda
  sha256: fce1d78e42665bb26d3f2b45ce9cacf0d9dbe4c1b2db3879a384eadee53c6231
  md5: 6d4e9ecca8d88977147e109fc7053184
  depends:
  - python >=3.8
  - pytz >=2015.7
  license: BSD-3-Clause
  license_family: BSD
  purls:
  - pkg:pypi/babel?source=hash-mapping
  size: 6525614
  timestamp: 1730878929589
- conda: https://conda.anaconda.org/conda-forge/osx-arm64/brotli-python-1.1.0-py38he333c0f_1.conda
  sha256: 3fd1e0a4b7ea1b20f69bbc2d74c798f3eebd775ccbcdee170f68b1871f8bbb74
  md5: 29160c74d5977b1c5ecd654b00d576f0
  depends:
  - libcxx >=15.0.7
  - python >=3.8,<3.9.0a0
  - python >=3.8,<3.9.0a0 *_cpython
  - python_abi 3.8.* *_cp38
  constrains:
  - libbrotlicommon 1.1.0 hb547adb_1
  license: MIT
  license_family: MIT
  purls:
  - pkg:pypi/brotli?source=hash-mapping
  size: 343036
  timestamp: 1695990970956
- conda: https://conda.anaconda.org/conda-forge/osx-arm64/bzip2-1.0.8-hd037594_8.conda
  sha256: b456200636bd5fecb2bec63f7e0985ad2097cf1b83d60ce0b6968dffa6d02aa1
  md5: 58fd217444c2a5701a44244faf518206
  depends:
  - __osx >=11.0
  license: bzip2-1.0.6
  license_family: BSD
  purls: []
  size: 125061
  timestamp: 1757437486465
- conda: https://conda.anaconda.org/conda-forge/noarch/ca-certificates-2025.10.5-hbd8a1cb_0.conda
  sha256: 3b5ad78b8bb61b6cdc0978a6a99f8dfb2cc789a451378d054698441005ecbdb6
  md5: f9e5fbc24009179e8b0409624691758a
  depends:
  - __unix
  license: ISC
  purls: []
  size: 155907
  timestamp: 1759649036195
- conda: https://conda.anaconda.org/conda-forge/noarch/certifi-2024.8.30-pyhd8ed1ab_0.conda
  sha256: 7020770df338c45ac6b560185956c32f0a5abf4b76179c037f115fc7d687819f
  md5: 12f7d00853807b0531775e9be891cb11
  depends:
  - python >=3.7
  license: ISC
  purls:
  - pkg:pypi/certifi?source=hash-mapping
  size: 163752
  timestamp: 1725278204397
- conda: https://conda.anaconda.org/conda-forge/osx-arm64/cffi-1.17.0-py38h858044d_0.conda
  sha256: c3c1486d52eac829dfca9d7d3d5596fea66e52dccc9b33d5d7b9acee276935af
  md5: 792d275788105bf78189bb55dc1e9c76
  depends:
  - __osx >=11.0
  - libffi >=3.4,<4.0a0
  - pycparser
  - python >=3.8,<3.9.0a0
  - python >=3.8,<3.9.0a0 *_cpython
  - python_abi 3.8.* *_cp38
  license: MIT
  license_family: MIT
  purls:
  - pkg:pypi/cffi?source=hash-mapping
  size: 227934
  timestamp: 1723018694952
- conda: https://conda.anaconda.org/conda-forge/noarch/charset-normalizer-3.4.0-pyhd8ed1ab_0.conda
  sha256: 1873ac45ea61f95750cb0b4e5e675d1c5b3def937e80c7eebb19297f76810be8
  md5: a374efa97290b8799046df7c5ca17164
  depends:
  - python >=3.7
  license: MIT
  license_family: MIT
  purls:
  - pkg:pypi/charset-normalizer?source=hash-mapping
  size: 47314
  timestamp: 1728479405343
- conda: https://conda.anaconda.org/conda-forge/noarch/click-8.1.7-unix_pyh707e725_0.conda
  sha256: f0016cbab6ac4138a429e28dbcb904a90305b34b3fe41a9b89d697c90401caec
  md5: f3ad426304898027fc619827ff428eca
  depends:
  - __unix
  - python >=3.8
  license: BSD-3-Clause
  license_family: BSD
  purls:
  - pkg:pypi/click?source=hash-mapping
  size: 84437
  timestamp: 1692311973840
- conda: https://conda.anaconda.org/conda-forge/noarch/colorama-0.4.6-pyhd8ed1ab_0.tar.bz2
  sha256: 2c1b2e9755ce3102bca8d69e8f26e4f087ece73f50418186aee7c74bef8e1698
  md5: 3faab06a954c2a04039983f2c4a50d99
  depends:
  - python >=3.7
  license: BSD-3-Clause
  license_family: BSD
  purls:
  - pkg:pypi/colorama?source=hash-mapping
  size: 25170
  timestamp: 1666700778190
- conda: https://conda.anaconda.org/conda-forge/osx-arm64/docutils-0.20.1-py38h10201cd_3.conda
  sha256: 4ccbc9579a4a902b2974d0b4ce0182534133897f545ea8dfd87e8c2a54e93554
  md5: 0a93fd3d5e9e4fec16b8df09fff86d7f
  depends:
  - python >=3.8,<3.9.0a0
  - python >=3.8,<3.9.0a0 *_cpython
  - python_abi 3.8.* *_cp38
  license: CC-PDDC AND BSD-3-Clause AND BSD-2-Clause AND ZPL-2.1
  purls:
  - pkg:pypi/docutils?source=hash-mapping
  size: 707591
  timestamp: 1701883280331
- conda: https://conda.anaconda.org/conda-forge/osx-arm64/freetype-2.12.1-hadb7bae_2.conda
  sha256: 791673127e037a2dc0eebe122dc4f904cb3f6e635bb888f42cbe1a76b48748d9
  md5: e6085e516a3e304ce41a8ee08b9b89ad
  depends:
  - libpng >=1.6.39,<1.7.0a0
  - libzlib >=1.2.13,<2.0.0a0
  license: GPL-2.0-only OR FTL
  purls: []
  size: 596430
  timestamp: 1694616332835
- conda: https://conda.anaconda.org/conda-forge/noarch/ghp-import-2.1.0-pyhd8ed1ab_1.conda
  sha256: 83c5e396a70dbf37cda6801fb20311a70c53a16e5374d3bf9891ae24aa912080
  md5: cb68db36ff7d6bf5846d9d955dc8747d
  depends:
  - python >=3.6
  - python-dateutil >=2.8.1
  license: Apache-2.0
  license_family: APACHE
  purls:
  - pkg:pypi/ghp-import?source=hash-mapping
  size: 16334
  timestamp: 1730194036772
- conda: https://conda.anaconda.org/conda-forge/noarch/h2-4.1.0-pyhd8ed1ab_0.tar.bz2
  sha256: bfc6a23849953647f4e255c782e74a0e18fe16f7e25c7bb0bc57b83bb6762c7a
  md5: b748fbf7060927a6e82df7cb5ee8f097
  depends:
  - hpack >=4.0,<5
  - hyperframe >=6.0,<7
  - python >=3.6.1
  license: MIT
  license_family: MIT
  purls:
  - pkg:pypi/h2?source=hash-mapping
  size: 46754
  timestamp: 1634280590080
- conda: https://conda.anaconda.org/conda-forge/noarch/hpack-4.0.0-pyh9f0ad1d_0.tar.bz2
  sha256: 5dec948932c4f740674b1afb551223ada0c55103f4c7bf86a110454da3d27cb8
  md5: 914d6646c4dbb1fd3ff539830a12fd71
  depends:
  - python
  license: MIT
  license_family: MIT
  purls:
  - pkg:pypi/hpack?source=hash-mapping
  size: 25341
  timestamp: 1598856368685
- conda: https://conda.anaconda.org/conda-forge/noarch/hyperframe-6.0.1-pyhd8ed1ab_0.tar.bz2
  sha256: e374a9d0f53149328134a8d86f5d72bca4c6dcebed3c0ecfa968c02996289330
  md5: 9f765cbfab6870c8435b9eefecd7a1f4
  depends:
  - python >=3.6
  license: MIT
  license_family: MIT
  purls:
  - pkg:pypi/hyperframe?source=hash-mapping
  size: 14646
  timestamp: 1619110249723
- conda: https://conda.anaconda.org/conda-forge/noarch/idna-3.10-pyhd8ed1ab_0.conda
  sha256: 8c57fd68e6be5eecba4462e983aed7e85761a519aab80e834bbd7794d4b545b2
  md5: 7ba2ede0e7c795ff95088daf0dc59753
  depends:
  - python >=3.6
  license: BSD-3-Clause
  license_family: BSD
  purls:
  - pkg:pypi/idna?source=hash-mapping
  size: 49837
  timestamp: 1726459583613
- conda: https://conda.anaconda.org/conda-forge/noarch/imagesize-1.4.1-pyhd8ed1ab_0.tar.bz2
  sha256: c2bfd7043e0c4c12d8b5593de666c1e81d67b83c474a0a79282cc5c4ef845460
  md5: 7de5386c8fea29e76b303f37dde4c352
  depends:
  - python >=3.4
  license: MIT
  license_family: MIT
  purls:
  - pkg:pypi/imagesize?source=hash-mapping
  size: 10164
  timestamp: 1656939625410
- conda: https://conda.anaconda.org/conda-forge/noarch/importlib-metadata-8.5.0-pyha770c72_0.conda
  sha256: 7194700ce1a5ad2621fd68e894dd8c1ceaff9a38723e6e0e5298fdef13017b1c
  md5: 54198435fce4d64d8a89af22573012a8
  depends:
  - python >=3.8
  - zipp >=0.5
  license: Apache-2.0
  license_family: APACHE
  purls:
  - pkg:pypi/importlib-metadata?source=hash-mapping
  size: 28646
  timestamp: 1726082927916
- conda: https://conda.anaconda.org/conda-forge/noarch/jinja2-3.1.4-pyhd8ed1ab_0.conda
  sha256: 27380d870d42d00350d2d52598cddaf02f9505fb24be09488da0c9b8d1428f2d
  md5: 7b86ecb7d3557821c649b3c31e3eb9f2
  depends:
  - markupsafe >=2.0
  - python >=3.7
  license: BSD-3-Clause
  license_family: BSD
  purls:
  - pkg:pypi/jinja2?source=hash-mapping
  size: 111565
  timestamp: 1715127275924
- conda: https://conda.anaconda.org/conda-forge/osx-arm64/jpeg-9e-h1a8c8d9_3.conda
  sha256: 7e21d03917fb535b39c3af0cc7b7115617556a4ca2fe13018c09407987883b34
  md5: ef1cce2ab799e0c2f32c3344125ff218
  constrains:
  - libjpeg-turbo <0.0.0a
  license: IJG
  purls: []
  size: 218587
  timestamp: 1676177519876
- conda: https://conda.anaconda.org/conda-forge/osx-arm64/lcms2-2.12-had6a04f_0.tar.bz2
  sha256: d3ef96838b6becb23e49d6f72c235c107b90e94141adfd73ddab144f5b432f68
  md5: e66c48b683085eaa6627cc61ba76c1e2
  depends:
  - jpeg >=9d,<10a
  - libtiff >=4.2.0,<4.5.0a0
  license: MIT
  license_family: MIT
  purls: []
  size: 378309
  timestamp: 1612644524790
- conda: https://conda.anaconda.org/conda-forge/osx-arm64/lerc-3.0-hbdafb3b_0.tar.bz2
  sha256: a4aeaccb486269b34c0d5672b1f4031ba85c21356f3828289166c5b5b06c5c7c
  md5: 8f210e26ca368c3d2b418f213b903aef
  depends:
  - libcxx >=11.1.0
  license: Apache-2.0
  license_family: Apache
  purls: []
  size: 148218
  timestamp: 1632753673762
- conda: https://conda.anaconda.org/conda-forge/osx-arm64/libblas-3.9.0-37_h51639a9_openblas.conda
  build_number: 37
  sha256: 544f935351201a4bea7e1dae0b240ce619febf56655724c64481ec694293bc64
  md5: 675aec03581d97a77f7bb47e99fed4b4
  depends:
  - libopenblas >=0.3.30,<0.3.31.0a0
  - libopenblas >=0.3.30,<1.0a0
  constrains:
  - liblapacke 3.9.0   37*_openblas
  - blas 2.137   openblas
  - mkl <2025
  - liblapack  3.9.0   37*_openblas
  - libcblas   3.9.0   37*_openblas
  license: BSD-3-Clause
  license_family: BSD
  purls: []
  size: 17647
  timestamp: 1760213578751
- conda: https://conda.anaconda.org/conda-forge/osx-arm64/libcblas-3.9.0-37_hb0561ab_openblas.conda
  build_number: 37
  sha256: 911a01cac0c76d52628fdfe2aecfa010b4145af630ec23fe3fefa7a4c8050a57
  md5: 33ab91e02a34879065d03bb010eb6bf1
  depends:
  - libblas 3.9.0 37_h51639a9_openblas
  constrains:
  - liblapacke 3.9.0   37*_openblas
  - blas 2.137   openblas
  - liblapack  3.9.0   37*_openblas
  license: BSD-3-Clause
  license_family: BSD
  purls: []
  size: 17639
  timestamp: 1760213591611
- conda: https://conda.anaconda.org/conda-forge/osx-arm64/libcxx-21.1.3-hf598326_0.conda
  sha256: b9bad452e3e1d0cc597d907681461341209cb7576178d5c1933026a650b381d1
  md5: e976227574dfcd0048324576adf8d60d
  depends:
  - __osx >=11.0
  license: Apache-2.0 WITH LLVM-exception
  license_family: Apache
  purls: []
  size: 568715
  timestamp: 1760166479630
- conda: https://conda.anaconda.org/conda-forge/osx-arm64/libdeflate-1.10-h3422bc3_0.tar.bz2
  sha256: 26dd0bcea5cbb65cd2f818d080d377c6a570c953f081c25cddbda0dc9cb429a0
  md5: 94a51083eac1f1143274a7f1bb8839f4
  license: MIT
  license_family: MIT
  purls: []
  size: 57684
  timestamp: 1644204597204
- conda: https://conda.anaconda.org/conda-forge/osx-arm64/libffi-3.4.6-h1da3d7d_1.conda
  sha256: c6a530924a9b14e193ea9adfe92843de2a806d1b7dbfd341546ece9653129e60
  md5: c215a60c2935b517dcda8cad4705734d
  depends:
  - __osx >=11.0
  license: MIT
  license_family: MIT
  purls: []
  size: 39839
  timestamp: 1743434670405
- conda: https://conda.anaconda.org/conda-forge/osx-arm64/libgfortran-15.2.0-hfcf01ff_1.conda
  sha256: e9a5d1208b9dc0b576b35a484d527d9b746c4e65620e0d77c44636033b2245f0
  md5: f699348e3f4f924728e33551b1920f79
  depends:
  - libgfortran5 15.2.0 h742603c_1
  license: GPL-3.0-only WITH GCC-exception-3.1
  license_family: GPL
  purls: []
  size: 134016
  timestamp: 1759712902814
- conda: https://conda.anaconda.org/conda-forge/osx-arm64/libgfortran5-15.2.0-h742603c_1.conda
  sha256: 18808697013a625ca876eeee3d86ee5b656f17c391eca4a4bc70867717cc5246
  md5: afccf412b03ce2f309f875ff88419173
  depends:
  - llvm-openmp >=8.0.0
  constrains:
  - libgfortran 15.2.0
  license: GPL-3.0-only WITH GCC-exception-3.1
  license_family: GPL
  purls: []
  size: 764028
  timestamp: 1759712189275
- conda: https://conda.anaconda.org/conda-forge/osx-arm64/liblapack-3.9.0-37_hd9741b5_openblas.conda
  build_number: 37
  sha256: 61a3f8928431f74c359669ea68b5abedbbd46efb06f15de1e5c7e5d40f545263
  md5: 53335fc42466f597d0bc6d66a9ed4468
  depends:
  - libblas 3.9.0 37_h51639a9_openblas
  constrains:
  - liblapacke 3.9.0   37*_openblas
  - blas 2.137   openblas
  - libcblas   3.9.0   37*_openblas
  license: BSD-3-Clause
  license_family: BSD
  purls: []
  size: 17633
  timestamp: 1760213604248
- conda: https://conda.anaconda.org/conda-forge/osx-arm64/liblzma-5.8.1-h39f12f2_2.conda
  sha256: 0cb92a9e026e7bd4842f410a5c5c665c89b2eb97794ffddba519a626b8ce7285
  md5: d6df911d4564d77c4374b02552cb17d1
  depends:
  - __osx >=11.0
  constrains:
  - xz 5.8.1.*
  license: 0BSD
  purls: []
  size: 92286
  timestamp: 1749230283517
- conda: https://conda.anaconda.org/conda-forge/osx-arm64/liblzma-devel-5.8.1-h39f12f2_2.conda
  sha256: 974804430e24f0b00f3a48b67ec10c9f5441c9bb3d82cc0af51ba45b8a75a241
  md5: 1201137f1a5ec9556032ffc04dcdde8d
  depends:
  - __osx >=11.0
  - liblzma 5.8.1 h39f12f2_2
  license: 0BSD
  purls: []
  size: 116244
  timestamp: 1749230297170
- conda: https://conda.anaconda.org/conda-forge/osx-arm64/libopenblas-0.3.30-openmp_h60d53f8_2.conda
  sha256: 7b8551a4d21cf0b19f9a162f1f283a201b17f1bd5a6579abbd0d004788c511fa
  md5: d004259fd8d3d2798b16299d6ad6c9e9
  depends:
  - __osx >=11.0
  - libgfortran
  - libgfortran5 >=14.3.0
  - llvm-openmp >=19.1.7
  constrains:
  - openblas >=0.3.30,<0.3.31.0a0
  license: BSD-3-Clause
  license_family: BSD
  purls: []
  size: 4284696
  timestamp: 1755471861128
- conda: https://conda.anaconda.org/conda-forge/osx-arm64/libpng-1.6.43-h091b4b1_0.conda
  sha256: 66c4713b07408398f2221229a1c1d5df57d65dc0902258113f2d9ecac4772495
  md5: 77e684ca58d82cae9deebafb95b1a2b8
  depends:
  - libzlib >=1.2.13,<2.0.0a0
  license: zlib-acknowledgement
  purls: []
  size: 264177
  timestamp: 1708780447187
- conda: https://conda.anaconda.org/conda-forge/osx-arm64/libsqlite-3.46.0-hfb93653_0.conda
  sha256: 73048f9cb8647d3d3bfe6021c0b7d663e12cffbe9b4f31bd081e713b0a9ad8f9
  md5: 12300188028c9bc02da965128b91b517
  depends:
  - __osx >=11.0
  - libzlib >=1.2.13,<2.0a0
  license: Unlicense
  purls: []
  size: 830198
  timestamp: 1718050644825
- conda: https://conda.anaconda.org/conda-forge/osx-arm64/libtiff-4.3.0-h2810ee2_4.tar.bz2
  sha256: b9f78de9e012476efe0ca5a3feef4151861c7cc70769ecc34ea84ec209c2c445
  md5: 3962075901841cc1a5e875d3fc36d32b
  depends:
  - jpeg >=9e,<10a
  - lerc >=3.0,<4.0a0
  - libcxx >=13.0.1
  - libdeflate >=1.10,<1.11.0a0
  - libwebp-base
  - libzlib >=1.2.11,<2.0.0a0
  - xz >=5.2.5,<6.0.0a0
  - zstd >=1.5.2,<1.6.0a0
  license: HPND
  purls: []
  size: 587476
  timestamp: 1653449717695
- conda: https://conda.anaconda.org/conda-forge/osx-arm64/libwebp-base-1.6.0-h07db88b_0.conda
  sha256: a4de3f371bb7ada325e1f27a4ef7bcc81b2b6a330e46fac9c2f78ac0755ea3dd
  md5: e5e7d467f80da752be17796b87fe6385
  depends:
  - __osx >=11.0
  constrains:
  - libwebp 1.6.0
  license: BSD-3-Clause
  license_family: BSD
  purls: []
  size: 294974
  timestamp: 1752159906788
- conda: https://conda.anaconda.org/conda-forge/osx-arm64/libzlib-1.2.13-hfb2fe0b_6.conda
  sha256: 8b29a2386d99b8f58178951dcf19117b532cd9c4aa07623bf1667eae99755d32
  md5: 9c4e121cd926cab631bd1c4a61d18b17
  depends:
  - __osx >=11.0
  constrains:
  - zlib 1.2.13 *_6
  license: Zlib
  license_family: Other
  purls: []
  size: 46768
  timestamp: 1716874151980
- conda: https://conda.anaconda.org/conda-forge/osx-arm64/llvm-openmp-21.1.3-h4a912ad_0.conda
  sha256: 9aeabb02db52ce9d055a5786d42440894f6eae9e74bbc0e08befb7926ccca98d
  md5: 487d26872cd21fe3bfcb3d09e8d992cd
  depends:
  - __osx >=11.0
  constrains:
  - openmp 21.1.3|21.1.3.*
  - intel-openmp <0.0a0
  license: Apache-2.0 WITH LLVM-exception
  license_family: APACHE
  purls: []
  size: 285307
  timestamp: 1760282536594
- conda: https://conda.anaconda.org/conda-forge/noarch/markdown-3.6-pyhd8ed1ab_0.conda
  sha256: fce1fde00359696983989699c00f9891194c4ebafea647a8d21b7e2e3329b56e
  md5: 06e9bebf748a0dea03ecbe1f0e27e909
  depends:
  - importlib-metadata >=4.4
  - python >=3.6
  license: BSD-3-Clause
  license_family: BSD
  purls:
  - pkg:pypi/markdown?source=hash-mapping
  size: 78331
  timestamp: 1710435316163
- conda: https://conda.anaconda.org/conda-forge/osx-arm64/markupsafe-2.1.5-py38h336bac9_0.conda
  sha256: f1b1b405c5246c499d66658e754e920529866826b247111cd481e15d0571f702
  md5: 76e1802508a91e5970f42f6558f5064e
  depends:
  - python >=3.8,<3.9.0a0
  - python >=3.8,<3.9.0a0 *_cpython
  - python_abi 3.8.* *_cp38
  constrains:
  - jinja2 >=3.0.0
  license: BSD-3-Clause
  license_family: BSD
  purls:
  - pkg:pypi/markupsafe?source=hash-mapping
  size: 23719
  timestamp: 1706900313162
- conda: https://conda.anaconda.org/conda-forge/noarch/mergedeep-1.3.4-pyhd8ed1ab_0.tar.bz2
  sha256: 41ad8c16876820981adfc6e17a62935c950214bd9a9bb092e6aaefdc89a33f0b
  md5: 1a160a3cab5cb6bd46264b52cd6f69a2
  depends:
  - python >=3.6
  license: MIT
  license_family: MIT
  purls:
  - pkg:pypi/mergedeep?source=hash-mapping
  size: 9598
  timestamp: 1612711404414
- conda: https://conda.anaconda.org/conda-forge/noarch/mkdocs-1.3.0-pyhd8ed1ab_0.tar.bz2
  sha256: d4edafda2f0748105757b2ad04474e4730f9421a157bcbef1c4f5221e3624361
  md5: 58749db4f2cbec8b1658f30f46f1193f
  depends:
  - click >=3.3
  - ghp-import >=1.0
  - importlib-metadata >=4.3
  - jinja2 >=2.10.2
  - markdown >=3.2.1
  - mergedeep >=1.3.4
  - packaging >=20.5
  - python >=3.6
  - pyyaml >=3.10
  - pyyaml-env-tag >=0.1
  - watchdog >=2.0
  license: BSD-2-Clause
  license_family: BSD
  purls:
  - pkg:pypi/mkdocs?source=hash-mapping
  size: 3374673
  timestamp: 1648744628072
- pypi: https://files.pythonhosted.org/packages/ad/bc/bb46f47c4c3b2889fe50e041bdbb2acd9a850022136c6beaf6b24d7c2d4b/mkdocs_include_markdown_plugin-3.2.3-py3-none-any.whl
  name: mkdocs-include-markdown-plugin
  version: 3.2.3
  sha256: 5a8b0c60d8981225c012b8f657b6557910997e46dacae4aff039b181487236cf
  requires_dist:
  - bump2version==1.0.1 ; extra == 'dev'
  - flake8==3.9.2 ; extra == 'dev'
  - flake8-implicit-str-concat==0.2.0 ; extra == 'dev'
  - flake8-print==4.0.0 ; extra == 'dev'
  - isort==5.9.1 ; extra == 'dev'
  - mdpo==0.3.61 ; extra == 'dev'
  - pre-commit==2.13.0 ; extra == 'dev'
  - pytest==6.2.4 ; extra == 'dev'
  - pytest-cov==2.12.1 ; extra == 'dev'
  - pyupgrade==2.19.4 ; extra == 'dev'
  - yamllint==1.26.1 ; extra == 'dev'
  - pytest==6.2.4 ; extra == 'test'
  - pytest-cov==2.12.1 ; extra == 'test'
  requires_python: '>=3.6'
- conda: https://conda.anaconda.org/conda-forge/noarch/mkdocs-table-reader-plugin-2.0-pyhd8ed1ab_0.conda
  sha256: 6c9149904cdcfbf7492afc38d751de9b45e1166d62ee1b7e75f23de8839f5e7e
  md5: 530826870df9efbea413f9d01188aa28
  depends:
  - mkdocs >=1.0
  - pandas >=1.1
  - python >=3.6
  - pyyaml >=5.4.1
  - tabulate >=0.8.7
  license: MIT
  license_family: MIT
  purls:
  - pkg:pypi/mkdocs-table-reader-plugin?source=hash-mapping
  size: 13629
  timestamp: 1675124732889
- conda: https://conda.anaconda.org/conda-forge/osx-arm64/ncurses-6.5-h5e97a16_3.conda
  sha256: 2827ada40e8d9ca69a153a45f7fd14f32b2ead7045d3bbb5d10964898fe65733
  md5: 068d497125e4bf8a66bf707254fff5ae
  depends:
  - __osx >=11.0
  license: X11 AND BSD-3-Clause
  purls: []
  size: 797030
  timestamp: 1738196177597
- conda: https://conda.anaconda.org/conda-forge/osx-arm64/numpy-1.24.4-py38ha84db1f_0.conda
  sha256: 5b3236885775a2b3c6d3396d6c29a4d4ce7687ca5534ab15ad7d6104a751dbc6
  md5: d33566c9c3ed5938f1d30747e8787a7d
  depends:
  - libblas >=3.9.0,<4.0a0
  - libcblas >=3.9.0,<4.0a0
  - libcxx >=15.0.7
  - liblapack >=3.9.0,<4.0a0
  - python >=3.8,<3.9.0a0
  - python >=3.8,<3.9.0a0 *_cpython
  - python_abi 3.8.* *_cp38
  constrains:
  - numpy-base <0a0
  license: BSD-3-Clause
  license_family: BSD
  purls:
  - pkg:pypi/numpy?source=hash-mapping
  size: 5589840
  timestamp: 1687809103359
- conda: https://conda.anaconda.org/conda-forge/noarch/olefile-0.47-pyhd8ed1ab_0.conda
  sha256: d741e13efa5bfe340167f5936755202183557c636e84fdaf09bab4c408539d49
  md5: 7bee6c667e75ec1765197c25d2d46b94
  depends:
  - python >=3.7
  license: BSD-2-Clause
  license_family: BSD
  purls:
  - pkg:pypi/olefile?source=hash-mapping
  size: 38683
  timestamp: 1701735635079
- conda: https://conda.anaconda.org/conda-forge/osx-arm64/openssl-3.5.4-h5503f6c_0.conda
  sha256: f0512629f9589392c2fb9733d11e753d0eab8fc7602f96e4d7f3bd95c783eb07
  md5: 71118318f37f717eefe55841adb172fd
  depends:
  - __osx >=11.0
  - ca-certificates
  license: Apache-2.0
  license_family: Apache
  purls: []
  size: 3067808
  timestamp: 1759324763146
- conda: https://conda.anaconda.org/conda-forge/noarch/packaging-25.0-pyh29332c3_1.conda
  sha256: 289861ed0c13a15d7bbb408796af4de72c2fe67e2bcb0de98f4c3fce259d7991
  md5: 58335b26c38bf4a20f399384c33cbcf9
  depends:
  - python >=3.8
  - python
  license: Apache-2.0
  license_family: APACHE
  purls:
  - pkg:pypi/packaging?source=hash-mapping
  size: 62477
  timestamp: 1745345660407
- conda: https://conda.anaconda.org/conda-forge/osx-arm64/pandas-2.0.3-py38hefb543e_1.conda
  sha256: 715700072e4fd79ff809c1436a817e6c64d3a8189755b5fd2152a21231c8f1f8
  md5: a5be09f3455db87cd27c36f2a8eeaed3
  depends:
  - libcxx >=15.0.7
  - numpy >=1.21.6,<2.0a0
  - python >=3.8,<3.9.0a0
  - python >=3.8,<3.9.0a0 *_cpython
  - python-dateutil >=2.8.1
  - python-tzdata >=2022a
  - python_abi 3.8.* *_cp38
  - pytz >=2020.1
  license: BSD-3-Clause
  license_family: BSD
  purls:
  - pkg:pypi/pandas?source=hash-mapping
  size: 11518966
  timestamp: 1688742077728
- conda: https://conda.anaconda.org/conda-forge/osx-arm64/pillow-8.0.1-py38h6b236ce_0.tar.bz2
  sha256: 060713852944cce2bc57926c343504b7f79c7743ac672125b6d84723215d37df
  md5: da92fbf8010cd29d1670678f4baeb64c
  depends:
  - freetype >=2.10.4,<3.0a0
  - jpeg >=9d,<10a
  - lcms2 >=2.11,<3.0a0
  - libtiff >=4.1.0,<4.4.0a0
  - olefile
  - python >=3.8,<3.9.0a0
  - python_abi 3.8.* *_cp38
  - tk >=8.6.10,<8.7.0a0
  - zlib >=1.2.11,<1.3.0a0
  license: LicenseRef-PIL
  purls:
  - pkg:pypi/pillow?source=hash-mapping
  size: 652885
  timestamp: 1604749010282
- conda: https://conda.anaconda.org/conda-forge/noarch/pycparser-2.22-pyhd8ed1ab_0.conda
  sha256: 406001ebf017688b1a1554b49127ca3a4ac4626ec0fd51dc75ffa4415b720b64
  md5: 844d9eb3b43095b031874477f7d70088
  depends:
  - python >=3.8
  license: BSD-3-Clause
  license_family: BSD
  purls:
  - pkg:pypi/pycparser?source=hash-mapping
  size: 105098
  timestamp: 1711811634025
- conda: https://conda.anaconda.org/conda-forge/noarch/pygments-2.14.0-pyhd8ed1ab_0.conda
  sha256: e8710e24f60b6a97289468f47914e53610101755088bc237621cc1980edbfcd9
  md5: c78cd16b11cd6a295484bd6c8f24bea1
  depends:
  - python >=3.6
  - setuptools
  license: BSD-2-Clause
  license_family: BSD
  purls:
  - pkg:pypi/pygments?source=hash-mapping
  size: 824197
  timestamp: 1672682136399
- pypi: https://files.pythonhosted.org/packages/b7/70/0926b40d01fd2d708798994135f50ce02459499c36a25423b55901f7a7c5/pymdown_extensions-9.9.2-py3-none-any.whl
  name: pymdown-extensions
  version: 9.9.2
  sha256: c3d804eb4a42b85bafb5f36436342a5ad38df03878bb24db8855a4aa8b08b765
  requires_dist:
  - markdown>=3.2
  requires_python: '>=3.7'
- conda: https://conda.anaconda.org/conda-forge/noarch/pysocks-1.7.1-pyha2e5f31_6.tar.bz2
  sha256: a42f826e958a8d22e65b3394f437af7332610e43ee313393d1cf143f0a2d274b
  md5: 2a7de29fb590ca14b5243c4c812c8025
  depends:
  - __unix
  - python >=3.8
  license: BSD-3-Clause
  license_family: BSD
  purls:
  - pkg:pypi/pysocks?source=hash-mapping
  size: 18981
  timestamp: 1661604969727
- conda: https://conda.anaconda.org/conda-forge/osx-arm64/python-3.8.19-h2469fbe_0_cpython.conda
  sha256: 60d1efeb9863df29497865b17ffddc9e155769e9f27fa3d874c0c58879bb4c3f
  md5: e6d175e880bd0510eb84662e2a139109
  depends:
  - bzip2 >=1.0.8,<2.0a0
  - libffi >=3.4,<4.0a0
  - libsqlite >=3.45.2,<4.0a0
  - libzlib >=1.2.13,<2.0.0a0
  - ncurses >=6.4.20240210,<7.0a0
  - openssl >=3.2.1,<4.0a0
  - readline >=8.2,<9.0a0
  - tk >=8.6.13,<8.7.0a0
  - xz >=5.2.6,<6.0a0
  constrains:
  - python_abi 3.8.* *_cp38
  license: Python-2.0
  purls: []
  size: 11719163
  timestamp: 1710939584543
- conda: https://conda.anaconda.org/conda-forge/noarch/python-dateutil-2.9.0-pyhd8ed1ab_0.conda
  sha256: f3ceef02ac164a8d3a080d0d32f8e2ebe10dd29e3a685d240e38b3599e146320
  md5: 2cf4264fffb9e6eff6031c5b6884d61c
  depends:
  - python >=3.7
  - six >=1.5
  license: Apache-2.0
  license_family: APACHE
  purls:
  - pkg:pypi/python-dateutil?source=hash-mapping
  size: 222742
  timestamp: 1709299922152
- conda: https://conda.anaconda.org/conda-forge/noarch/python-tzdata-2024.2-pyhd8ed1ab_0.conda
  sha256: fe3f62ce2bc714bdaa222ab3f0344a2815ad9e853c6df38d15c9f25de8a3a6d4
  md5: 986287f89929b2d629bd6ef6497dc307
  depends:
  - python >=3.6
  license: Apache-2.0
  license_family: APACHE
  purls:
  - pkg:pypi/tzdata?source=hash-mapping
  size: 142527
  timestamp: 1727140688093
- conda: https://conda.anaconda.org/conda-forge/noarch/python_abi-3.8-8_cp38.conda
  build_number: 8
  sha256: 83c22066a672ce0b16e693c84aa6d5efb68e02eff037a55e047d7095d0fdb5ca
  md5: 4f7b6e3de4f15cc44e0f93b39f07205d
  constrains:
  - python 3.8.* *_cpython
  license: BSD-3-Clause
  license_family: BSD
  purls: []
  size: 6960
  timestamp: 1752805923703
- conda: https://conda.anaconda.org/conda-forge/noarch/pytz-2024.2-pyhd8ed1ab_0.conda
  sha256: 81c16d9183bb4a6780366ce874e567ee5fc903722f85b2f8d1d9479ef1dafcc9
  md5: 260009d03c9d5c0f111904d851f053dc
  depends:
  - python >=3.7
  license: MIT
  license_family: MIT
  purls:
  - pkg:pypi/pytz?source=hash-mapping
  size: 186995
  timestamp: 1726055625738
- conda: https://conda.anaconda.org/conda-forge/osx-arm64/pyyaml-6.0.2-py38h3237794_0.conda
  sha256: bc56d0a8f16006da98deb409fc00517f41b0a8068faa87dd9bd44d4fa6fbac86
  md5: 51dad04e9f3b1b760b43d765f7137e35
  depends:
  - __osx >=11.0
  - python >=3.8,<3.9.0a0
  - python >=3.8,<3.9.0a0 *_cpython
  - python_abi 3.8.* *_cp38
  - yaml >=0.2.5,<0.3.0a0
  license: MIT
  license_family: MIT
  purls:
  - pkg:pypi/pyyaml?source=hash-mapping
  size: 162299
  timestamp: 1723018564452
- conda: https://conda.anaconda.org/conda-forge/noarch/pyyaml-env-tag-0.1-pyhd8ed1ab_0.tar.bz2
  sha256: 900319483135730d9836855a807822f0500b1a239520749103e9ef9b7ba9f246
  md5: 626ed9060ddeb681ddc42bcad89156ab
  depends:
  - python >=3.6
  - pyyaml
  license: MIT
  license_family: MIT
  purls:
  - pkg:pypi/pyyaml-env-tag?source=hash-mapping
  size: 7473
  timestamp: 1624389117412
- conda: https://conda.anaconda.org/conda-forge/osx-arm64/readline-8.2-h1d1bf99_2.conda
  sha256: 7db04684d3904f6151eff8673270922d31da1eea7fa73254d01c437f49702e34
  md5: 63ef3f6e6d6d5c589e64f11263dc5676
  depends:
  - ncurses >=6.5,<7.0a0
  license: GPL-3.0-only
  license_family: GPL
  purls: []
  size: 252359
  timestamp: 1740379663071
- conda: https://conda.anaconda.org/conda-forge/noarch/requests-2.32.3-pyhd8ed1ab_0.conda
  sha256: 5845ffe82a6fa4d437a2eae1e32a1ad308d7ad349f61e337c0a890fe04c513cc
  md5: 5ede4753180c7a550a443c430dc8ab52
  depends:
  - certifi >=2017.4.17
  - charset-normalizer >=2,<4
  - idna >=2.5,<4
  - python >=3.8
  - urllib3 >=1.21.1,<3
  constrains:
  - chardet >=3.0.2,<6
  license: Apache-2.0
  license_family: APACHE
  purls:
  - pkg:pypi/requests?source=hash-mapping
  size: 58810
  timestamp: 1717057174842
- conda: https://conda.anaconda.org/conda-forge/noarch/setuptools-75.3.0-pyhd8ed1ab_0.conda
  sha256: a36d020b9f32fc3f1a6488a1c4a9c13988c6468faf6895bf30ca69521a61230e
  md5: 2ce9825396daf72baabaade36cee16da
  depends:
  - python >=3.8
  license: MIT
  license_family: MIT
  purls:
  - pkg:pypi/setuptools?source=hash-mapping
  size: 779561
  timestamp: 1730382173961
- conda: https://conda.anaconda.org/conda-forge/noarch/six-1.16.0-pyh6c4a22f_0.tar.bz2
  sha256: a85c38227b446f42c5b90d9b642f2c0567880c15d72492d8da074a59c8f91dd6
  md5: e5f25f8dbc060e9a8d912e432202afc2
  depends:
  - python
  license: MIT
  license_family: MIT
  purls:
  - pkg:pypi/six?source=hash-mapping
  size: 14259
  timestamp: 1620240338595
- conda: https://conda.anaconda.org/conda-forge/noarch/snowballstemmer-2.2.0-pyhd8ed1ab_0.tar.bz2
  sha256: a0fd916633252d99efb6223b1050202841fa8d2d53dacca564b0ed77249d3228
  md5: 4d22a9315e78c6827f806065957d566e
  depends:
  - python >=2
  license: BSD-3-Clause
  license_family: BSD
  purls:
  - pkg:pypi/snowballstemmer?source=hash-mapping
  size: 58824
  timestamp: 1637143137377
- conda: https://conda.anaconda.org/conda-forge/noarch/sphinx-7.1.2-pyhd8ed1ab_0.conda
  sha256: fb13f8fc5d00e75b19680b0e798f5a2dbb4f6be4124f6ee4ebbcd73c88cf55f7
  md5: d02bfa35cd4f2cd624289f64911cae9d
  depends:
  - alabaster >=0.7,<0.8
  - babel >=2.9
  - colorama >=0.4.5
  - docutils >=0.18.1,<0.21
  - imagesize >=1.3
  - importlib-metadata >=4.8
  - jinja2 >=3.0
  - packaging >=21.0
  - pygments >=2.13
  - python >=3.8
  - requests >=2.25.0
  - snowballstemmer >=2.0
  - sphinxcontrib-applehelp
  - sphinxcontrib-devhelp
  - sphinxcontrib-htmlhelp >=2.0.0
  - sphinxcontrib-jsmath
  - sphinxcontrib-qthelp
  - sphinxcontrib-serializinghtml >=1.1.5
  license: BSD-2-Clause
  license_family: BSD
  purls:
  - pkg:pypi/sphinx?source=hash-mapping
  size: 1275177
  timestamp: 1690955533380
- conda: https://conda.anaconda.org/conda-forge/noarch/sphinx_rtd_theme-3.0.2-pyha770c72_0.conda
  sha256: c5d1ef5801f56c3bba4088de6c02c10e7f5b195805997fc1af569cf3f33f92e4
  md5: cec0cc87b40171bc323a9d80b619c9c5
  depends:
  - docutils >0.18,<0.22
  - python >=3.8
  - sphinx >=6,<9
  - sphinxcontrib-jquery >=4,<5
  license: MIT
  license_family: MIT
  purls:
  - pkg:pypi/sphinx-rtd-theme?source=hash-mapping
  size: 4629955
  timestamp: 1757836585728
- conda: https://conda.anaconda.org/conda-forge/noarch/sphinxcontrib-applehelp-1.0.4-pyhd8ed1ab_0.conda
  sha256: 802810d8321d55e5666806d565e72949eabf77ad510fe2758ce1da2441675ef1
  md5: 5a31a7d564f551d0e6dff52fd8cb5b16
  depends:
  - python >=3.5
  license: BSD-2-Clause
  license_family: BSD
  purls:
  - pkg:pypi/sphinxcontrib-applehelp?source=hash-mapping
  size: 29461
  timestamp: 1674487907606
- conda: https://conda.anaconda.org/conda-forge/noarch/sphinxcontrib-devhelp-1.0.2-py_0.tar.bz2
  sha256: 66cca7eccb7f92eee53f9f5a552e3e1d643daa3a1ebd03c185e2819e5c491576
  md5: 68e01cac9d38d0e717cd5c87bc3d2cc9
  depends:
  - python >=3.5
  license: BSD-2-Clause
  license_family: BSD
  purls:
  - pkg:pypi/sphinxcontrib-devhelp?source=hash-mapping
  size: 22992
  timestamp: 1583071615945
- conda: https://conda.anaconda.org/conda-forge/noarch/sphinxcontrib-htmlhelp-2.0.1-pyhd8ed1ab_0.conda
  sha256: aeff20be994e6f9520a91fc177a33cb3e4d0911cdf8d27e575d001f00afa33fd
  md5: 6c8c4d6eb2325e59290ac6dbbeacd5f0
  depends:
  - python >=3.5
  license: BSD-2-Clause
  license_family: BSD
  purls:
  - pkg:pypi/sphinxcontrib-htmlhelp?source=hash-mapping
  size: 32783
  timestamp: 1675256592675
- conda: https://conda.anaconda.org/conda-forge/noarch/sphinxcontrib-jquery-4.1-pyhd8ed1ab_0.conda
  sha256: 2e5f16a2d58f9a31443ffbb8ce3852cfccf533a6349045828cd2e994ef0679ca
  md5: 914897066d5873acfb13e75705276ad1
  depends:
  - python >=2.7
  - sphinx >=1.8
  license: 0BSD AND MIT
  purls:
  - pkg:pypi/sphinxcontrib-jquery?source=hash-mapping
  size: 112985
  timestamp: 1678809100921
- conda: https://conda.anaconda.org/conda-forge/noarch/sphinxcontrib-jsmath-1.0.1-pyhd8ed1ab_0.conda
  sha256: d4337d83b8edba688547766fc80f1ac86d6ec86ceeeda93f376acc04079c5ce2
  md5: da1d979339e2714c30a8e806a33ec087
  depends:
  - python >=3.5
  license: BSD-2-Clause
  license_family: BSD
  purls:
  - pkg:pypi/sphinxcontrib-jsmath?source=hash-mapping
  size: 10431
  timestamp: 1691604844204
- conda: https://conda.anaconda.org/conda-forge/noarch/sphinxcontrib-qthelp-1.0.3-py_0.tar.bz2
  sha256: 35d8f01fc798d38b72ae003c040d2dee650d315f904268a1f793d4d59460d1e2
  md5: d01180388e6d1838c3e1ad029590aa7a
  depends:
  - python >=3.5
  license: BSD-2-Clause
  license_family: BSD
  purls:
  - pkg:pypi/sphinxcontrib-qthelp?source=hash-mapping
  size: 25708
  timestamp: 1583070914446
- conda: https://conda.anaconda.org/conda-forge/noarch/sphinxcontrib-serializinghtml-1.1.5-pyhd8ed1ab_2.tar.bz2
  sha256: 890bbf815cff114ddbb618b9876d492fce07d02956c1d7b3d46cb7f835f563f6
  md5: 9ff55a0901cf952f05c654394de76bf7
  depends:
  - python >=3.5
  license: BSD-2-Clause
  license_family: BSD
  purls:
  - pkg:pypi/sphinxcontrib-serializinghtml?source=hash-mapping
  size: 27744
  timestamp: 1649381087042
- conda: https://conda.anaconda.org/conda-forge/noarch/tabulate-0.9.0-pyhd8ed1ab_1.tar.bz2
  sha256: f6e4a0dd24ba060a4af69ca79d32361a6678e61d78c73eb5e357909b025b4620
  md5: 4759805cce2d914c38472f70bf4d8bcb
  depends:
  - python >=3.7
  license: MIT
  license_family: MIT
  purls:
  - pkg:pypi/tabulate?source=hash-mapping
  size: 35912
  timestamp: 1665138565317
- conda: https://conda.anaconda.org/conda-forge/osx-arm64/tk-8.6.13-h5083fa2_1.conda
  sha256: 72457ad031b4c048e5891f3f6cb27a53cb479db68a52d965f796910e71a403a8
  md5: b50a57ba89c32b62428b71a875291c9b
  depends:
  - libzlib >=1.2.13,<2.0.0a0
  license: TCL
  license_family: BSD
  purls: []
  size: 3145523
  timestamp: 1699202432999
- conda: https://conda.anaconda.org/conda-forge/noarch/urllib3-2.2.3-pyhd8ed1ab_0.conda
  sha256: b6bb34ce41cd93956ad6eeee275ed52390fb3788d6c75e753172ea7ac60b66e5
  md5: 6b55867f385dd762ed99ea687af32a69
  depends:
  - brotli-python >=1.0.9
  - h2 >=4,<5
  - pysocks >=1.5.6,<2.0,!=1.5.7
  - python >=3.8
  - zstandard >=0.18.0
  license: MIT
  license_family: MIT
  purls:
  - pkg:pypi/urllib3?source=hash-mapping
  size: 98076
  timestamp: 1726496531769
- conda: https://conda.anaconda.org/conda-forge/osx-arm64/watchdog-4.0.1-py38h3237794_0.conda
  sha256: 6a6ced77baa134d47bf318916d8a38223984ad9fdd6ac2b83c15fc38281927b9
  md5: 8c680bdc59efc59d104d05f3e4ee1aa1
  depends:
  - __osx >=11.0
  - python >=3.8,<3.9.0a0
  - python >=3.8,<3.9.0a0 *_cpython
  - python_abi 3.8.* *_cp38
  - pyyaml >=3.10
  license: Apache-2.0
  license_family: APACHE
  purls:
  - pkg:pypi/watchdog?source=hash-mapping
  size: 119037
  timestamp: 1716562059899
- conda: https://conda.anaconda.org/conda-forge/osx-arm64/xz-5.8.1-h9a6d368_2.conda
  sha256: afb747cf017b67cc31d54c6e6c4bd1b1e179fe487a3d23a856232ed7fd0b099b
  md5: 39435c82e5a007ef64cbb153ecc40cfd
  depends:
  - __osx >=11.0
  - liblzma 5.8.1 h39f12f2_2
  - liblzma-devel 5.8.1 h39f12f2_2
  - xz-gpl-tools 5.8.1 h9a6d368_2
  - xz-tools 5.8.1 h39f12f2_2
  license: 0BSD AND LGPL-2.1-or-later AND GPL-2.0-or-later
  purls: []
  size: 23995
  timestamp: 1749230346887
- conda: https://conda.anaconda.org/conda-forge/osx-arm64/xz-gpl-tools-5.8.1-h9a6d368_2.conda
  sha256: a0790cfb48d240e7b655b0d797a00040219cf39e3ee38e2104e548515df4f9c2
  md5: 09b1442c1d49ac7c5f758c44695e77d1
  depends:
  - __osx >=11.0
  - liblzma 5.8.1 h39f12f2_2
  constrains:
  - xz 5.8.1.*
  license: 0BSD AND LGPL-2.1-or-later AND GPL-2.0-or-later
  purls: []
  size: 34103
  timestamp: 1749230329933
- conda: https://conda.anaconda.org/conda-forge/osx-arm64/xz-tools-5.8.1-h39f12f2_2.conda
  sha256: 9d1232705e3d175f600dc8e344af9182d0341cdaa73d25330591a28532951063
  md5: 37996935aa33138fca43e4b4563b6a28
  depends:
  - __osx >=11.0
  - liblzma 5.8.1 h39f12f2_2
  constrains:
  - xz 5.8.1.*
  license: 0BSD AND LGPL-2.1-or-later
  purls: []
  size: 86425
  timestamp: 1749230316106
- conda: https://conda.anaconda.org/conda-forge/osx-arm64/yaml-0.2.5-h925e9cb_3.conda
  sha256: b03433b13d89f5567e828ea9f1a7d5c5d697bf374c28a4168d71e9464f5dafac
  md5: 78a0fe9e9c50d2c381e8ee47e3ea437d
  depends:
  - __osx >=11.0
  license: MIT
  license_family: MIT
  purls: []
  size: 83386
  timestamp: 1753484079473
- conda: https://conda.anaconda.org/conda-forge/noarch/zipp-3.21.0-pyhd8ed1ab_0.conda
  sha256: 232a30e4b0045c9de5e168dda0328dc0e28df9439cdecdfb97dd79c1c82c4cec
  md5: fee389bf8a4843bd7a2248ce11b7f188
  depends:
  - python >=3.8
  license: MIT
  license_family: MIT
  purls:
  - pkg:pypi/zipp?source=hash-mapping
  size: 21702
  timestamp: 1731262194278
- conda: https://conda.anaconda.org/conda-forge/osx-arm64/zlib-1.2.13-hfb2fe0b_6.conda
  sha256: c09c9cb6de86d87b9267a6331c74cc8fb05bae5ee7749070a5e8883c3eff5424
  md5: 88cf27df3eff5813734b538461f4c8cf
  depends:
  - __osx >=11.0
  - libzlib 1.2.13 hfb2fe0b_6
  license: Zlib
  license_family: Other
  purls: []
  size: 78193
  timestamp: 1716874169064
- conda: https://conda.anaconda.org/conda-forge/osx-arm64/zstandard-0.23.0-py38h43bb1b3_0.conda
  sha256: 14c3139f32c22b61ee4dbf9f4f1e44b445a54505b3e09dd0e41146f40865afe2
  md5: be90d81878902f7c0e7bb2846fbe126c
  depends:
  - __osx >=11.0
  - cffi >=1.11
  - python >=3.8,<3.9.0a0
  - python >=3.8,<3.9.0a0 *_cpython
  - python_abi 3.8.* *_cp38
  - zstd >=1.5.6,<1.5.7.0a0
  - zstd >=1.5.6,<1.6.0a0
  license: BSD-3-Clause
  license_family: BSD
  purls:
  - pkg:pypi/zstandard?source=hash-mapping
  size: 322221
  timestamp: 1721044445032
- conda: https://conda.anaconda.org/conda-forge/osx-arm64/zstd-1.5.6-hb46c0d2_0.conda
  sha256: 2d4fd1ff7ee79cd954ca8e81abf11d9d49954dd1fef80f27289e2402ae9c2e09
  md5: d96942c06c3e84bfcc5efb038724a7fd
  depends:
  - __osx >=11.0
  - libzlib >=1.2.13,<2.0.0a0
  license: BSD-3-Clause
  license_family: BSD
  purls: []
  size: 405089
  timestamp: 1714723101397
